
Microsoft Visual Studio Solution File, Format Version 12.00
# Visual Studio Version 16
VisualStudioVersion = 16.0.29926.136
MinimumVisualStudioVersion = 10.0.40219.1
Project("{9A19103F-16F7-4668-BE54-9A1E7A4F7556}") = "AdventOfCodeDay01", "AdventOfCodeDay01\AdventOfCodeDay01.csproj", "{60A883BA-1047-4B43-A8C9-C1E0B1755B94}"
EndProject
Project("{9A19103F-16F7-4668-BE54-9A1E7A4F7556}") = "AdventOfCodeDay02", "AdventOfCodeDay02\AdventOfCodeDay02.csproj", "{A59770E5-CAD9-4541-8A78-088603080691}"
EndProject
Project("{9A19103F-16F7-4668-BE54-9A1E7A4F7556}") = "AdventOfCodeDay03", "AdventOfCodeDay03\AdventOfCodeDay03.csproj", "{C748DCAF-A81B-4D5E-A9CE-CD0DC3F018CB}"
EndProject
Project("{9A19103F-16F7-4668-BE54-9A1E7A4F7556}") = "AdventOfCodeDay04", "AdventOfCodeDay04\AdventOfCodeDay04.csproj", "{115A5151-A8F6-4057-843B-3FBE5A2BE452}"
EndProject
Project("{9A19103F-16F7-4668-BE54-9A1E7A4F7556}") = "AdventOfCodeDay05", "AdventOfCodeDay05\AdventOfCodeDay05.csproj", "{CECB2051-FCC1-46D0-9CD6-5CD56DD869E2}"
EndProject
Project("{9A19103F-16F7-4668-BE54-9A1E7A4F7556}") = "AdventOfCodeDay06", "AdventOfCodeDay06\AdventOfCodeDay06.csproj", "{317F4B5E-A4F7-4686-BE0E-12037FEB6551}"
EndProject
Project("{9A19103F-16F7-4668-BE54-9A1E7A4F7556}") = "AdventOfCodeDay07", "AdventOfCodeDay07\AdventOfCodeDay07.csproj", "{F78676B8-3E51-4C6E-ACFF-43F0767F7D96}"
EndProject
Project("{9A19103F-16F7-4668-BE54-9A1E7A4F7556}") = "AdventOfCodeDay08", "AdventOfCodeDay08\AdventOfCodeDay08.csproj", "{199B9900-0C74-4D55-A592-2BA44E78E703}"
EndProject
Project("{FAE04EC0-301F-11D3-BF4B-00C04F79EFBC}") = "AdventOfCodeDay09", "AdventOfCodeDay09\AdventOfCodeDay09.csproj", "{0C28742D-10BD-4C47-B51D-553D44A72018}"
EndProject
Global
	GlobalSection(SolutionConfigurationPlatforms) = preSolution
		Debug|Any CPU = Debug|Any CPU
		Release|Any CPU = Release|Any CPU
	EndGlobalSection
	GlobalSection(ProjectConfigurationPlatforms) = postSolution
		{60A883BA-1047-4B43-A8C9-C1E0B1755B94}.Debug|Any CPU.ActiveCfg = Debug|Any CPU
		{60A883BA-1047-4B43-A8C9-C1E0B1755B94}.Debug|Any CPU.Build.0 = Debug|Any CPU
		{60A883BA-1047-4B43-A8C9-C1E0B1755B94}.Release|Any CPU.ActiveCfg = Release|Any CPU
		{60A883BA-1047-4B43-A8C9-C1E0B1755B94}.Release|Any CPU.Build.0 = Release|Any CPU
		{A59770E5-CAD9-4541-8A78-088603080691}.Debug|Any CPU.ActiveCfg = Debug|Any CPU
		{A59770E5-CAD9-4541-8A78-088603080691}.Debug|Any CPU.Build.0 = Debug|Any CPU
		{A59770E5-CAD9-4541-8A78-088603080691}.Release|Any CPU.ActiveCfg = Release|Any CPU
		{A59770E5-CAD9-4541-8A78-088603080691}.Release|Any CPU.Build.0 = Release|Any CPU
		{C748DCAF-A81B-4D5E-A9CE-CD0DC3F018CB}.Debug|Any CPU.ActiveCfg = Debug|Any CPU
		{C748DCAF-A81B-4D5E-A9CE-CD0DC3F018CB}.Debug|Any CPU.Build.0 = Debug|Any CPU
		{C748DCAF-A81B-4D5E-A9CE-CD0DC3F018CB}.Release|Any CPU.ActiveCfg = Release|Any CPU
		{C748DCAF-A81B-4D5E-A9CE-CD0DC3F018CB}.Release|Any CPU.Build.0 = Release|Any CPU
		{115A5151-A8F6-4057-843B-3FBE5A2BE452}.Debug|Any CPU.ActiveCfg = Debug|Any CPU
		{115A5151-A8F6-4057-843B-3FBE5A2BE452}.Debug|Any CPU.Build.0 = Debug|Any CPU
		{115A5151-A8F6-4057-843B-3FBE5A2BE452}.Release|Any CPU.ActiveCfg = Release|Any CPU
		{115A5151-A8F6-4057-843B-3FBE5A2BE452}.Release|Any CPU.Build.0 = Release|Any CPU
		{CECB2051-FCC1-46D0-9CD6-5CD56DD869E2}.Debug|Any CPU.ActiveCfg = Debug|Any CPU
		{CECB2051-FCC1-46D0-9CD6-5CD56DD869E2}.Debug|Any CPU.Build.0 = Debug|Any CPU
		{CECB2051-FCC1-46D0-9CD6-5CD56DD869E2}.Release|Any CPU.ActiveCfg = Release|Any CPU
		{CECB2051-FCC1-46D0-9CD6-5CD56DD869E2}.Release|Any CPU.Build.0 = Release|Any CPU
		{317F4B5E-A4F7-4686-BE0E-12037FEB6551}.Debug|Any CPU.ActiveCfg = Debug|Any CPU
		{317F4B5E-A4F7-4686-BE0E-12037FEB6551}.Debug|Any CPU.Build.0 = Debug|Any CPU
		{317F4B5E-A4F7-4686-BE0E-12037FEB6551}.Release|Any CPU.ActiveCfg = Release|Any CPU
		{317F4B5E-A4F7-4686-BE0E-12037FEB6551}.Release|Any CPU.Build.0 = Release|Any CPU
		{F78676B8-3E51-4C6E-ACFF-43F0767F7D96}.Debug|Any CPU.ActiveCfg = Debug|Any CPU
		{F78676B8-3E51-4C6E-ACFF-43F0767F7D96}.Debug|Any CPU.Build.0 = Debug|Any CPU
		{F78676B8-3E51-4C6E-ACFF-43F0767F7D96}.Release|Any CPU.ActiveCfg = Release|Any CPU
		{F78676B8-3E51-4C6E-ACFF-43F0767F7D96}.Release|Any CPU.Build.0 = Release|Any CPU
		{199B9900-0C74-4D55-A592-2BA44E78E703}.Debug|Any CPU.ActiveCfg = Debug|Any CPU
		{199B9900-0C74-4D55-A592-2BA44E78E703}.Debug|Any CPU.Build.0 = Debug|Any CPU
		{199B9900-0C74-4D55-A592-2BA44E78E703}.Release|Any CPU.ActiveCfg = Release|Any CPU
		{199B9900-0C74-4D55-A592-2BA44E78E703}.Release|Any CPU.Build.0 = Release|Any CPU
		{0C28742D-10BD-4C47-B51D-553D44A72018}.Debug|Any CPU.ActiveCfg = Debug|Any CPU
		{0C28742D-10BD-4C47-B51D-553D44A72018}.Debug|Any CPU.Build.0 = Debug|Any CPU
		{0C28742D-10BD-4C47-B51D-553D44A72018}.Release|Any CPU.ActiveCfg = Release|Any CPU
		{0C28742D-10BD-4C47-B51D-553D44A72018}.Release|Any CPU.Build.0 = Release|Any CPU
	EndGlobalSection
	GlobalSection(SolutionProperties) = preSolution
		HideSolutionNode = FALSE
	EndGlobalSection
	GlobalSection(ExtensibilityGlobals) = postSolution
		SolutionGuid = {8ED30D0C-441D-4176-A1F2-ADDF933AEC8E}
	EndGlobalSection
EndGlobal
